
Microsoft Visual Studio Solution File, Format Version 12.00
# Visual Studio Version 16
VisualStudioVersion = 16.0.30330.147
MinimumVisualStudioVersion = 10.0.40219.1
Project("{FAE04EC0-301F-11D3-BF4B-00C04F79EFBC}") = "GenericList", "GenericList\GenericList.csproj", "{52BA4C46-48EE-4F9F-90CF-D108F0A66AAF}"
EndProject
Global
	GlobalSection(SolutionConfigurationPlatforms) = preSolution
		Debug|Any CPU = Debug|Any CPU
		Release|Any CPU = Release|Any CPU
	EndGlobalSection
	GlobalSection(ProjectConfigurationPlatforms) = postSolution
		{52BA4C46-48EE-4F9F-90CF-D108F0A66AAF}.Debug|Any CPU.ActiveCfg = Debug|Any CPU
		{52BA4C46-48EE-4F9F-90CF-D108F0A66AAF}.Debug|Any CPU.Build.0 = Debug|Any CPU
		{52BA4C46-48EE-4F9F-90CF-D108F0A66AAF}.Release|Any CPU.ActiveCfg = Release|Any CPU
		{52BA4C46-48EE-4F9F-90CF-D108F0A66AAF}.Release|Any CPU.Build.0 = Release|Any CPU
	EndGlobalSection
	GlobalSection(SolutionProperties) = preSolution
		HideSolutionNode = FALSE
	EndGlobalSection
	GlobalSection(ExtensibilityGlobals) = postSolution
		SolutionGuid = {389B6F53-B67F-4D2A-A5CE-A982BBD30222}
	EndGlobalSection
EndGlobal
